
Microsoft Visual Studio Solution File, Format Version 12.00
# Visual Studio Version 17
VisualStudioVersion = 17.0.31903.59
MinimumVisualStudioVersion = 10.0.40219.1
Project("{2150E333-8FDC-42A3-9474-1A3956D46DE8}") = "src", "src", "{827E0CD3-B72D-47B6-A68D-7590B98EB39B}"
EndProject
Project("{FAE04EC0-301F-11D3-BF4B-00C04F79EFBC}") = "UnsavedChangesGuard", "src\UnsavedChangesGuard\UnsavedChangesGuard.csproj", "{CD7A5E23-CB6A-4D5A-BE7D-5CB717A70720}"
EndProject
Project("{2150E333-8FDC-42A3-9474-1A3956D46DE8}") = "samples", "samples", "{5D20AA90-6969-D8BD-9DCD-8634F4692FDA}"
EndProject
Project("{FAE04EC0-301F-11D3-BF4B-00C04F79EFBC}") = "UnsavedChangesGuard.Sample", "samples\UnsavedChangesGuard.Sample\UnsavedChangesGuard.Sample.csproj", "{40AC6012-E2E0-4489-9814-40237DCAE34C}"
EndProject
Global
	GlobalSection(SolutionConfigurationPlatforms) = preSolution
		Debug|Any CPU = Debug|Any CPU
		Debug|x64 = Debug|x64
		Debug|x86 = Debug|x86
		Release|Any CPU = Release|Any CPU
		Release|x64 = Release|x64
		Release|x86 = Release|x86
	EndGlobalSection
	GlobalSection(ProjectConfigurationPlatforms) = postSolution
		{CD7A5E23-CB6A-4D5A-BE7D-5CB717A70720}.Debug|Any CPU.ActiveCfg = Debug|Any CPU
		{CD7A5E23-CB6A-4D5A-BE7D-5CB717A70720}.Debug|Any CPU.Build.0 = Debug|Any CPU
		{CD7A5E23-CB6A-4D5A-BE7D-5CB717A70720}.Debug|x64.ActiveCfg = Debug|Any CPU
		{CD7A5E23-CB6A-4D5A-BE7D-5CB717A70720}.Debug|x64.Build.0 = Debug|Any CPU
		{CD7A5E23-CB6A-4D5A-BE7D-5CB717A70720}.Debug|x86.ActiveCfg = Debug|Any CPU
		{CD7A5E23-CB6A-4D5A-BE7D-5CB717A70720}.Debug|x86.Build.0 = Debug|Any CPU
		{CD7A5E23-CB6A-4D5A-BE7D-5CB717A70720}.Release|Any CPU.ActiveCfg = Release|Any CPU
		{CD7A5E23-CB6A-4D5A-BE7D-5CB717A70720}.Release|Any CPU.Build.0 = Release|Any CPU
		{CD7A5E23-CB6A-4D5A-BE7D-5CB717A70720}.Release|x64.ActiveCfg = Release|Any CPU
		{CD7A5E23-CB6A-4D5A-BE7D-5CB717A70720}.Release|x64.Build.0 = Release|Any CPU
		{CD7A5E23-CB6A-4D5A-BE7D-5CB717A70720}.Release|x86.ActiveCfg = Release|Any CPU
		{CD7A5E23-CB6A-4D5A-BE7D-5CB717A70720}.Release|x86.Build.0 = Release|Any CPU
		{40AC6012-E2E0-4489-9814-40237DCAE34C}.Debug|Any CPU.ActiveCfg = Debug|Any CPU
		{40AC6012-E2E0-4489-9814-40237DCAE34C}.Debug|Any CPU.Build.0 = Debug|Any CPU
		{40AC6012-E2E0-4489-9814-40237DCAE34C}.Debug|x64.ActiveCfg = Debug|Any CPU
		{40AC6012-E2E0-4489-9814-40237DCAE34C}.Debug|x64.Build.0 = Debug|Any CPU
		{40AC6012-E2E0-4489-9814-40237DCAE34C}.Debug|x86.ActiveCfg = Debug|Any CPU
		{40AC6012-E2E0-4489-9814-40237DCAE34C}.Debug|x86.Build.0 = Debug|Any CPU
		{40AC6012-E2E0-4489-9814-40237DCAE34C}.Release|Any CPU.ActiveCfg = Release|Any CPU
		{40AC6012-E2E0-4489-9814-40237DCAE34C}.Release|Any CPU.Build.0 = Release|Any CPU
		{40AC6012-E2E0-4489-9814-40237DCAE34C}.Release|x64.ActiveCfg = Release|Any CPU
		{40AC6012-E2E0-4489-9814-40237DCAE34C}.Release|x64.Build.0 = Release|Any CPU
		{40AC6012-E2E0-4489-9814-40237DCAE34C}.Release|x86.ActiveCfg = Release|Any CPU
		{40AC6012-E2E0-4489-9814-40237DCAE34C}.Release|x86.Build.0 = Release|Any CPU
	EndGlobalSection
	GlobalSection(SolutionProperties) = preSolution
		HideSolutionNode = FALSE
	EndGlobalSection
	GlobalSection(NestedProjects) = preSolution
		{CD7A5E23-CB6A-4D5A-BE7D-5CB717A70720} = {827E0CD3-B72D-47B6-A68D-7590B98EB39B}
		{40AC6012-E2E0-4489-9814-40237DCAE34C} = {5D20AA90-6969-D8BD-9DCD-8634F4692FDA}
	EndGlobalSection
EndGlobal
